// !$*UTF8*$!
{
	archiveVersion = 1;
	classes = {
	};
	objectVersion = 46;
	objects = {

/* Begin PBXBuildFile section */
		1C5A7B0018A1460100E338B4 /* InfoPlist.strings in Resources */ = {isa = PBXBuildFile; fileRef = 1C5A7AFE18A1460100E338B4 /* InfoPlist.strings */; };
		1C5A7B0218A1460100E338B4 /* main.m in Sources */ = {isa = PBXBuildFile; fileRef = 1C5A7B0118A1460100E338B4 /* main.m */; };
		1C5A7B0618A1460100E338B4 /* AppDelegate.m in Sources */ = {isa = PBXBuildFile; fileRef = 1C5A7B0518A1460100E338B4 /* AppDelegate.m */; };
		1C5A7B0918A1460100E338B4 /* Main_iPhone.storyboard in Resources */ = {isa = PBXBuildFile; fileRef = 1C5A7B0718A1460100E338B4 /* Main_iPhone.storyboard */; };
		1C5A7B0F18A1460100E338B4 /* ViewController.m in Sources */ = {isa = PBXBuildFile; fileRef = 1C5A7B0E18A1460100E338B4 /* ViewController.m */; };
		1C5A7B1118A1460100E338B4 /* Images.xcassets in Resources */ = {isa = PBXBuildFile; fileRef = 1C5A7B1018A1460100E338B4 /* Images.xcassets */; };
		1C5A7B1818A1460200E338B4 /* XCTest.framework in Frameworks */ = {isa = PBXBuildFile; fileRef = 1C5A7B1718A1460200E338B4 /* XCTest.framework */; };
		1C5A7B1918A1460200E338B4 /* Foundation.framework in Frameworks */ = {isa = PBXBuildFile; fileRef = 1C5A7AF518A1460100E338B4 /* Foundation.framework */; };
		1C5A7B1A18A1460200E338B4 /* UIKit.framework in Frameworks */ = {isa = PBXBuildFile; fileRef = 1C5A7AF918A1460100E338B4 /* UIKit.framework */; };
		1C9C3C2618A9337800D5A1F3 /* SaveAudioViewController.m in Sources */ = {isa = PBXBuildFile; fileRef = 1C9C3C2518A9337800D5A1F3 /* SaveAudioViewController.m */; };
		1CBA8DA118A2C125001168D3 /* background_example.png in Resources */ = {isa = PBXBuildFile; fileRef = 1CBA8DA018A2C125001168D3 /* background_example.png */; };
		3A06F4FA18ABFB36004AE155 /* CoreAudio.framework in Frameworks */ = {isa = PBXBuildFile; fileRef = 3A06F4F918ABFB36004AE155 /* CoreAudio.framework */; };
		3A06F4FB18ABFB42004AE155 /* Foundation.framework in Frameworks */ = {isa = PBXBuildFile; fileRef = 1C5A7AF518A1460100E338B4 /* Foundation.framework */; };
		3A4669EF18B288E8009E2DB5 /* stripe-pizza.png in Resources */ = {isa = PBXBuildFile; fileRef = 3A4669EE18B288E8009E2DB5 /* stripe-pizza.png */; };
		3A69FAEC18AC60AC000144F4 /* Accelerate.framework in Frameworks */ = {isa = PBXBuildFile; fileRef = 3A69FAEA18AC605A000144F4 /* Accelerate.framework */; };
		3A84D6D218AB1738003AF85B /* TesteFFTViewController.m in Sources */ = {isa = PBXBuildFile; fileRef = 3A84D6D118AB1738003AF85B /* TesteFFTViewController.m */; };
		3A84D6D818AB3EB3003AF85B /* 2dDeafs-background-aux.png in Resources */ = {isa = PBXBuildFile; fileRef = 3A84D6D618AB3EB3003AF85B /* 2dDeafs-background-aux.png */; };
		3A84D6D918AB3EB3003AF85B /* 2dDeafs-background.png in Resources */ = {isa = PBXBuildFile; fileRef = 3A84D6D718AB3EB3003AF85B /* 2dDeafs-background.png */; };
		3A84D6DC18AB41C6003AF85B /* 2dDeafs-mic.png in Resources */ = {isa = PBXBuildFile; fileRef = 3A84D6DA18AB41C6003AF85B /* 2dDeafs-mic.png */; };
		3A84D6DD18AB41C6003AF85B /* 2dDeafs-pause.png in Resources */ = {isa = PBXBuildFile; fileRef = 3A84D6DB18AB41C6003AF85B /* 2dDeafs-pause.png */; };
		3AAC299618AC542E00D9ADEB /* AudioToolbox.framework in Frameworks */ = {isa = PBXBuildFile; fileRef = 3AAC299518AC542E00D9ADEB /* AudioToolbox.framework */; };
		4C722E7C18A54999001B35FC /* info.png in Resources */ = {isa = PBXBuildFile; fileRef = 4C722E7B18A54999001B35FC /* info.png */; };
		4C722E8018A54CBD001B35FC /* listen.png in Resources */ = {isa = PBXBuildFile; fileRef = 4C722E7F18A54CBD001B35FC /* listen.png */; };
		4C722E8418A54E03001B35FC /* controls.png in Resources */ = {isa = PBXBuildFile; fileRef = 4C722E8318A54E03001B35FC /* controls.png */; };
/* End PBXBuildFile section */

/* Begin PBXContainerItemProxy section */
		1C5A7B1B18A1460200E338B4 /* PBXContainerItemProxy */ = {
			isa = PBXContainerItemProxy;
			containerPortal = 1C5A7AEA18A1460100E338B4 /* Project object */;
			proxyType = 1;
			remoteGlobalIDString = 1C5A7AF118A1460100E338B4;
			remoteInfo = Recorder2;
		};
/* End PBXContainerItemProxy section */

/* Begin PBXFileReference section */
		1C5A7AF218A1460100E338B4 /* Recorder2.app */ = {isa = PBXFileReference; explicitFileType = wrapper.application; includeInIndex = 0; path = Recorder2.app; sourceTree = BUILT_PRODUCTS_DIR; };
		1C5A7AF518A1460100E338B4 /* Foundation.framework */ = {isa = PBXFileReference; lastKnownFileType = wrapper.framework; name = Foundation.framework; path = System/Library/Frameworks/Foundation.framework; sourceTree = SDKROOT; };
		1C5A7AF718A1460100E338B4 /* CoreGraphics.framework */ = {isa = PBXFileReference; lastKnownFileType = wrapper.framework; name = CoreGraphics.framework; path = System/Library/Frameworks/CoreGraphics.framework; sourceTree = SDKROOT; };
		1C5A7AF918A1460100E338B4 /* UIKit.framework */ = {isa = PBXFileReference; lastKnownFileType = wrapper.framework; name = UIKit.framework; path = System/Library/Frameworks/UIKit.framework; sourceTree = SDKROOT; };
		1C5A7AFD18A1460100E338B4 /* Recorder2-Info.plist */ = {isa = PBXFileReference; lastKnownFileType = text.plist.xml; path = "Recorder2-Info.plist"; sourceTree = "<group>"; };
		1C5A7AFF18A1460100E338B4 /* en */ = {isa = PBXFileReference; lastKnownFileType = text.plist.strings; name = en; path = en.lproj/InfoPlist.strings; sourceTree = "<group>"; };
		1C5A7B0118A1460100E338B4 /* main.m */ = {isa = PBXFileReference; lastKnownFileType = sourcecode.c.objc; path = main.m; sourceTree = "<group>"; };
		1C5A7B0318A1460100E338B4 /* Recorder2-Prefix.pch */ = {isa = PBXFileReference; lastKnownFileType = sourcecode.c.h; path = "Recorder2-Prefix.pch"; sourceTree = "<group>"; };
		1C5A7B0418A1460100E338B4 /* AppDelegate.h */ = {isa = PBXFileReference; lastKnownFileType = sourcecode.c.h; path = AppDelegate.h; sourceTree = "<group>"; };
		1C5A7B0518A1460100E338B4 /* AppDelegate.m */ = {isa = PBXFileReference; lastKnownFileType = sourcecode.c.objc; path = AppDelegate.m; sourceTree = "<group>"; };
		1C5A7B0818A1460100E338B4 /* Base */ = {isa = PBXFileReference; lastKnownFileType = file.storyboard; name = Base; path = Base.lproj/Main_iPhone.storyboard; sourceTree = "<group>"; };
		1C5A7B0D18A1460100E338B4 /* ViewController.h */ = {isa = PBXFileReference; lastKnownFileType = sourcecode.c.h; path = ViewController.h; sourceTree = "<group>"; };
		1C5A7B0E18A1460100E338B4 /* ViewController.m */ = {isa = PBXFileReference; lastKnownFileType = sourcecode.c.objc; path = ViewController.m; sourceTree = "<group>"; };
		1C5A7B1018A1460100E338B4 /* Images.xcassets */ = {isa = PBXFileReference; lastKnownFileType = folder.assetcatalog; path = Images.xcassets; sourceTree = "<group>"; };
		1C5A7B1618A1460200E338B4 /* Recorder2Tests.xctest */ = {isa = PBXFileReference; explicitFileType = wrapper.cfbundle; includeInIndex = 0; path = Recorder2Tests.xctest; sourceTree = BUILT_PRODUCTS_DIR; };
		1C5A7B1718A1460200E338B4 /* XCTest.framework */ = {isa = PBXFileReference; lastKnownFileType = wrapper.framework; name = XCTest.framework; path = Library/Frameworks/XCTest.framework; sourceTree = DEVELOPER_DIR; };
		1C9C3C2418A9337800D5A1F3 /* SaveAudioViewController.h */ = {isa = PBXFileReference; fileEncoding = 4; lastKnownFileType = sourcecode.c.h; path = SaveAudioViewController.h; sourceTree = "<group>"; };
		1C9C3C2518A9337800D5A1F3 /* SaveAudioViewController.m */ = {isa = PBXFileReference; fileEncoding = 4; lastKnownFileType = sourcecode.c.objc; path = SaveAudioViewController.m; sourceTree = "<group>"; };
		1CBA8DA018A2C125001168D3 /* background_example.png */ = {isa = PBXFileReference; lastKnownFileType = image.png; path = background_example.png; sourceTree = "<group>"; };
		3A06F4EF18ABF621004AE155 /* fft4g.c */ = {isa = PBXFileReference; lastKnownFileType = sourcecode.c.c; path = fft4g.c; sourceTree = "<group>"; };
		3A06F4F018ABF621004AE155 /* fft4g.h */ = {isa = PBXFileReference; lastKnownFileType = sourcecode.c.h; path = fft4g.h; sourceTree = "<group>"; };
		3A06F4F118ABF621004AE155 /* OouraFFT.h */ = {isa = PBXFileReference; lastKnownFileType = sourcecode.c.h; path = OouraFFT.h; sourceTree = "<group>"; };
		3A06F4F218ABF621004AE155 /* OouraFFT.m */ = {isa = PBXFileReference; lastKnownFileType = sourcecode.c.objc; path = OouraFFT.m; sourceTree = "<group>"; };
		3A06F4F318ABF621004AE155 /* README */ = {isa = PBXFileReference; lastKnownFileType = text; path = README; sourceTree = "<group>"; };
		3A06F4F918ABFB36004AE155 /* CoreAudio.framework */ = {isa = PBXFileReference; lastKnownFileType = wrapper.framework; name = CoreAudio.framework; path = System/Library/Frameworks/CoreAudio.framework; sourceTree = SDKROOT; };
		3A4669EE18B288E8009E2DB5 /* stripe-pizza.png */ = {isa = PBXFileReference; lastKnownFileType = image.png; path = "stripe-pizza.png"; sourceTree = "<group>"; };
		3A69FAEA18AC605A000144F4 /* Accelerate.framework */ = {isa = PBXFileReference; lastKnownFileType = wrapper.framework; name = Accelerate.framework; path = System/Library/Frameworks/Accelerate.framework; sourceTree = SDKROOT; };
		3A84D6D018AB1738003AF85B /* TesteFFTViewController.h */ = {isa = PBXFileReference; fileEncoding = 4; lastKnownFileType = sourcecode.c.h; path = TesteFFTViewController.h; sourceTree = "<group>"; };
		3A84D6D118AB1738003AF85B /* TesteFFTViewController.m */ = {isa = PBXFileReference; fileEncoding = 4; lastKnownFileType = sourcecode.c.objc; path = TesteFFTViewController.m; sourceTree = "<group>"; };
		3A84D6D618AB3EB3003AF85B /* 2dDeafs-background-aux.png */ = {isa = PBXFileReference; lastKnownFileType = image.png; path = "2dDeafs-background-aux.png"; sourceTree = "<group>"; };
		3A84D6D718AB3EB3003AF85B /* 2dDeafs-background.png */ = {isa = PBXFileReference; lastKnownFileType = image.png; path = "2dDeafs-background.png"; sourceTree = "<group>"; };
		3A84D6DA18AB41C6003AF85B /* 2dDeafs-mic.png */ = {isa = PBXFileReference; lastKnownFileType = image.png; path = "2dDeafs-mic.png"; sourceTree = "<group>"; };
		3A84D6DB18AB41C6003AF85B /* 2dDeafs-pause.png */ = {isa = PBXFileReference; lastKnownFileType = image.png; path = "2dDeafs-pause.png"; sourceTree = "<group>"; };
		3AAC299518AC542E00D9ADEB /* AudioToolbox.framework */ = {isa = PBXFileReference; lastKnownFileType = wrapper.framework; name = AudioToolbox.framework; path = System/Library/Frameworks/AudioToolbox.framework; sourceTree = SDKROOT; };
		4C722E7B18A54999001B35FC /* info.png */ = {isa = PBXFileReference; lastKnownFileType = image.png; path = info.png; sourceTree = "<group>"; };
		4C722E7F18A54CBD001B35FC /* listen.png */ = {isa = PBXFileReference; lastKnownFileType = image.png; path = listen.png; sourceTree = "<group>"; };
		4C722E8318A54E03001B35FC /* controls.png */ = {isa = PBXFileReference; lastKnownFileType = image.png; path = controls.png; sourceTree = "<group>"; };
/* End PBXFileReference section */

/* Begin PBXFrameworksBuildPhase section */
		1C5A7AEF18A1460100E338B4 /* Frameworks */ = {
			isa = PBXFrameworksBuildPhase;
			buildActionMask = 2147483647;
			files = (
				3A69FAEC18AC60AC000144F4 /* Accelerate.framework in Frameworks */,
				3AAC299618AC542E00D9ADEB /* AudioToolbox.framework in Frameworks */,
				3A06F4FB18ABFB42004AE155 /* Foundation.framework in Frameworks */,
				3A06F4FA18ABFB36004AE155 /* CoreAudio.framework in Frameworks */,
			);
			runOnlyForDeploymentPostprocessing = 0;
		};
		1C5A7B1318A1460200E338B4 /* Frameworks */ = {
			isa = PBXFrameworksBuildPhase;
			buildActionMask = 2147483647;
			files = (
				1C5A7B1818A1460200E338B4 /* XCTest.framework in Frameworks */,
				1C5A7B1A18A1460200E338B4 /* UIKit.framework in Frameworks */,
				1C5A7B1918A1460200E338B4 /* Foundation.framework in Frameworks */,
			);
			runOnlyForDeploymentPostprocessing = 0;
		};
/* End PBXFrameworksBuildPhase section */

/* Begin PBXGroup section */
		1C5A7AE918A1460100E338B4 = {
			isa = PBXGroup;
			children = (
				1C5A7AFB18A1460100E338B4 /* Recorder2 */,
				1C5A7AF418A1460100E338B4 /* Frameworks */,
				1C5A7AF318A1460100E338B4 /* Products */,
			);
			sourceTree = "<group>";
		};
		1C5A7AF318A1460100E338B4 /* Products */ = {
			isa = PBXGroup;
			children = (
				1C5A7AF218A1460100E338B4 /* Recorder2.app */,
				1C5A7B1618A1460200E338B4 /* Recorder2Tests.xctest */,
			);
			name = Products;
			sourceTree = "<group>";
		};
		1C5A7AF418A1460100E338B4 /* Frameworks */ = {
			isa = PBXGroup;
			children = (
				3A69FAEA18AC605A000144F4 /* Accelerate.framework */,
				3AAC299518AC542E00D9ADEB /* AudioToolbox.framework */,
				3A06F4F918ABFB36004AE155 /* CoreAudio.framework */,
				3A06F4EE18ABF621004AE155 /* iPhoneFFT */,
				1C5A7AF518A1460100E338B4 /* Foundation.framework */,
				1C5A7AF718A1460100E338B4 /* CoreGraphics.framework */,
				1C5A7AF918A1460100E338B4 /* UIKit.framework */,
				1C5A7B1718A1460200E338B4 /* XCTest.framework */,
			);
			name = Frameworks;
			sourceTree = "<group>";
		};
		1C5A7AFB18A1460100E338B4 /* Recorder2 */ = {
			isa = PBXGroup;
			children = (
				3A84D6D518AB3E97003AF85B /* Images */,
				3A84D6CC18AB0B87003AF85B /* FFT */,
				1C5A7B0418A1460100E338B4 /* AppDelegate.h */,
				1C5A7B0518A1460100E338B4 /* AppDelegate.m */,
				1C5A7B0718A1460100E338B4 /* Main_iPhone.storyboard */,
				1C5A7B0D18A1460100E338B4 /* ViewController.h */,
				1C5A7B0E18A1460100E338B4 /* ViewController.m */,
				1C9C3C2418A9337800D5A1F3 /* SaveAudioViewController.h */,
				1C9C3C2518A9337800D5A1F3 /* SaveAudioViewController.m */,
				1C5A7B1018A1460100E338B4 /* Images.xcassets */,
				1C5A7AFC18A1460100E338B4 /* Supporting Files */,
			);
			path = Recorder2;
			sourceTree = "<group>";
		};
		1C5A7AFC18A1460100E338B4 /* Supporting Files */ = {
			isa = PBXGroup;
			children = (
				1C5A7AFD18A1460100E338B4 /* Recorder2-Info.plist */,
				1C5A7AFE18A1460100E338B4 /* InfoPlist.strings */,
				1C5A7B0118A1460100E338B4 /* main.m */,
				1C5A7B0318A1460100E338B4 /* Recorder2-Prefix.pch */,
			);
			name = "Supporting Files";
			sourceTree = "<group>";
		};
		3A06F4EE18ABF621004AE155 /* iPhoneFFT */ = {
			isa = PBXGroup;
			children = (
				3A06F4EF18ABF621004AE155 /* fft4g.c */,
				3A06F4F018ABF621004AE155 /* fft4g.h */,
				3A06F4F118ABF621004AE155 /* OouraFFT.h */,
				3A06F4F218ABF621004AE155 /* OouraFFT.m */,
				3A06F4F318ABF621004AE155 /* README */,
			);
			name = iPhoneFFT;
			path = ../iPhoneFFT;
			sourceTree = "<group>";
		};
		3A84D6CC18AB0B87003AF85B /* FFT */ = {
			isa = PBXGroup;
			children = (
				3A84D6D018AB1738003AF85B /* TesteFFTViewController.h */,
				3A84D6D118AB1738003AF85B /* TesteFFTViewController.m */,
			);
			name = FFT;
			sourceTree = "<group>";
		};
		3A84D6D518AB3E97003AF85B /* Images */ = {
			isa = PBXGroup;
			children = (
				3A4669EE18B288E8009E2DB5 /* stripe-pizza.png */,
				3A84D6DA18AB41C6003AF85B /* 2dDeafs-mic.png */,
				3A84D6DB18AB41C6003AF85B /* 2dDeafs-pause.png */,
				3A84D6D618AB3EB3003AF85B /* 2dDeafs-background-aux.png */,
				3A84D6D718AB3EB3003AF85B /* 2dDeafs-background.png */,
				4C722E8318A54E03001B35FC /* controls.png */,
				4C722E7F18A54CBD001B35FC /* listen.png */,
				4C722E7B18A54999001B35FC /* info.png */,
				1CBA8DA018A2C125001168D3 /* background_example.png */,
			);
			name = Images;
			sourceTree = "<group>";
		};
/* End PBXGroup section */

/* Begin PBXNativeTarget section */
		1C5A7AF118A1460100E338B4 /* Recorder2 */ = {
			isa = PBXNativeTarget;
			buildConfigurationList = 1C5A7B2718A1460200E338B4 /* Build configuration list for PBXNativeTarget "Recorder2" */;
			buildPhases = (
				1C5A7AEE18A1460100E338B4 /* Sources */,
				1C5A7AEF18A1460100E338B4 /* Frameworks */,
				1C5A7AF018A1460100E338B4 /* Resources */,
			);
			buildRules = (
			);
			dependencies = (
			);
			name = Recorder2;
			productName = Recorder2;
			productReference = 1C5A7AF218A1460100E338B4 /* Recorder2.app */;
			productType = "com.apple.product-type.application";
		};
		1C5A7B1518A1460200E338B4 /* Recorder2Tests */ = {
			isa = PBXNativeTarget;
			buildConfigurationList = 1C5A7B2A18A1460200E338B4 /* Build configuration list for PBXNativeTarget "Recorder2Tests" */;
			buildPhases = (
				1C5A7B1218A1460200E338B4 /* Sources */,
				1C5A7B1318A1460200E338B4 /* Frameworks */,
				1C5A7B1418A1460200E338B4 /* Resources */,
			);
			buildRules = (
			);
			dependencies = (
				1C5A7B1C18A1460200E338B4 /* PBXTargetDependency */,
			);
			name = Recorder2Tests;
			productName = Recorder2Tests;
			productReference = 1C5A7B1618A1460200E338B4 /* Recorder2Tests.xctest */;
			productType = "com.apple.product-type.bundle.unit-test";
		};
/* End PBXNativeTarget section */

/* Begin PBXProject section */
		1C5A7AEA18A1460100E338B4 /* Project object */ = {
			isa = PBXProject;
			attributes = {
				LastUpgradeCheck = 0500;
				ORGANIZATIONNAME = "Matheus Cardoso";
				TargetAttributes = {
					1C5A7AF118A1460100E338B4 = {
						DevelopmentTeam = FA22G228P2;
					};
					1C5A7B1518A1460200E338B4 = {
						TestTargetID = 1C5A7AF118A1460100E338B4;
					};
				};
			};
			buildConfigurationList = 1C5A7AED18A1460100E338B4 /* Build configuration list for PBXProject "Recorder2" */;
			compatibilityVersion = "Xcode 3.2";
			developmentRegion = English;
			hasScannedForEncodings = 0;
			knownRegions = (
				en,
				Base,
			);
			mainGroup = 1C5A7AE918A1460100E338B4;
			productRefGroup = 1C5A7AF318A1460100E338B4 /* Products */;
			projectDirPath = "";
			projectRoot = "";
			targets = (
				1C5A7AF118A1460100E338B4 /* Recorder2 */,
				1C5A7B1518A1460200E338B4 /* Recorder2Tests */,
			);
		};
/* End PBXProject section */

/* Begin PBXResourcesBuildPhase section */
		1C5A7AF018A1460100E338B4 /* Resources */ = {
			isa = PBXResourcesBuildPhase;
			buildActionMask = 2147483647;
			files = (
				1CBA8DA118A2C125001168D3 /* background_example.png in Resources */,
				3A4669EF18B288E8009E2DB5 /* stripe-pizza.png in Resources */,
				4C722E7C18A54999001B35FC /* info.png in Resources */,
				3A84D6DD18AB41C6003AF85B /* 2dDeafs-pause.png in Resources */,
				1C5A7B1118A1460100E338B4 /* Images.xcassets in Resources */,
				3A84D6DC18AB41C6003AF85B /* 2dDeafs-mic.png in Resources */,
				1C5A7B0918A1460100E338B4 /* Main_iPhone.storyboard in Resources */,
				3A84D6D818AB3EB3003AF85B /* 2dDeafs-background-aux.png in Resources */,
				4C722E8018A54CBD001B35FC /* listen.png in Resources */,
				4C722E8418A54E03001B35FC /* controls.png in Resources */,
				1C5A7B0018A1460100E338B4 /* InfoPlist.strings in Resources */,
				3A84D6D918AB3EB3003AF85B /* 2dDeafs-background.png in Resources */,
			);
			runOnlyForDeploymentPostprocessing = 0;
		};
		1C5A7B1418A1460200E338B4 /* Resources */ = {
			isa = PBXResourcesBuildPhase;
			buildActionMask = 2147483647;
			files = (
			);
			runOnlyForDeploymentPostprocessing = 0;
		};
/* End PBXResourcesBuildPhase section */

/* Begin PBXSourcesBuildPhase section */
		1C5A7AEE18A1460100E338B4 /* Sources */ = {
			isa = PBXSourcesBuildPhase;
			buildActionMask = 2147483647;
			files = (
				1C5A7B0F18A1460100E338B4 /* ViewController.m in Sources */,
				1C5A7B0618A1460100E338B4 /* AppDelegate.m in Sources */,
				1C5A7B0218A1460100E338B4 /* main.m in Sources */,
				3A84D6D218AB1738003AF85B /* TesteFFTViewController.m in Sources */,
				1C9C3C2618A9337800D5A1F3 /* SaveAudioViewController.m in Sources */,
			);
			runOnlyForDeploymentPostprocessing = 0;
		};
		1C5A7B1218A1460200E338B4 /* Sources */ = {
			isa = PBXSourcesBuildPhase;
			buildActionMask = 2147483647;
			files = (
			);
			runOnlyForDeploymentPostprocessing = 0;
		};
/* End PBXSourcesBuildPhase section */

/* Begin PBXTargetDependency section */
		1C5A7B1C18A1460200E338B4 /* PBXTargetDependency */ = {
			isa = PBXTargetDependency;
			target = 1C5A7AF118A1460100E338B4 /* Recorder2 */;
			targetProxy = 1C5A7B1B18A1460200E338B4 /* PBXContainerItemProxy */;
		};
/* End PBXTargetDependency section */

/* Begin PBXVariantGroup section */
		1C5A7AFE18A1460100E338B4 /* InfoPlist.strings */ = {
			isa = PBXVariantGroup;
			children = (
				1C5A7AFF18A1460100E338B4 /* en */,
			);
			name = InfoPlist.strings;
			sourceTree = "<group>";
		};
		1C5A7B0718A1460100E338B4 /* Main_iPhone.storyboard */ = {
			isa = PBXVariantGroup;
			children = (
				1C5A7B0818A1460100E338B4 /* Base */,
			);
			name = Main_iPhone.storyboard;
			sourceTree = "<group>";
		};
/* End PBXVariantGroup section */

/* Begin XCBuildConfiguration section */
		1C5A7B2518A1460200E338B4 /* Debug */ = {
			isa = XCBuildConfiguration;
			buildSettings = {
				ALWAYS_SEARCH_USER_PATHS = NO;
				ARCHS = "$(ARCHS_STANDARD_INCLUDING_64_BIT)";
				CLANG_CXX_LANGUAGE_STANDARD = "gnu++0x";
				CLANG_CXX_LIBRARY = "libc++";
				CLANG_ENABLE_MODULES = YES;
				CLANG_ENABLE_OBJC_ARC = YES;
				CLANG_WARN_BOOL_CONVERSION = YES;
				CLANG_WARN_CONSTANT_CONVERSION = YES;
				CLANG_WARN_DIRECT_OBJC_ISA_USAGE = YES_ERROR;
				CLANG_WARN_EMPTY_BODY = YES;
				CLANG_WARN_ENUM_CONVERSION = YES;
				CLANG_WARN_INT_CONVERSION = YES;
				CLANG_WARN_OBJC_ROOT_CLASS = YES_ERROR;
				CLANG_WARN__DUPLICATE_METHOD_MATCH = YES;
				"CODE_SIGN_IDENTITY[sdk=iphoneos*]" = "iPhone Developer";
				COPY_PHASE_STRIP = NO;
				GCC_C_LANGUAGE_STANDARD = gnu99;
				GCC_DYNAMIC_NO_PIC = NO;
				GCC_OPTIMIZATION_LEVEL = 0;
				GCC_PREPROCESSOR_DEFINITIONS = (
					"DEBUG=1",
					"$(inherited)",
				);
				GCC_SYMBOLS_PRIVATE_EXTERN = NO;
				GCC_WARN_64_TO_32_BIT_CONVERSION = YES;
				GCC_WARN_ABOUT_RETURN_TYPE = YES_ERROR;
				GCC_WARN_UNDECLARED_SELECTOR = YES;
				GCC_WARN_UNINITIALIZED_AUTOS = YES;
				GCC_WARN_UNUSED_FUNCTION = YES;
				GCC_WARN_UNUSED_VARIABLE = YES;
				IPHONEOS_DEPLOYMENT_TARGET = 7.0;
				ONLY_ACTIVE_ARCH = YES;
				SDKROOT = iphoneos;
				TARGETED_DEVICE_FAMILY = "1,2";
			};
			name = Debug;
		};
		1C5A7B2618A1460200E338B4 /* Release */ = {
			isa = XCBuildConfiguration;
			buildSettings = {
				ALWAYS_SEARCH_USER_PATHS = NO;
				ARCHS = "$(ARCHS_STANDARD_INCLUDING_64_BIT)";
				CLANG_CXX_LANGUAGE_STANDARD = "gnu++0x";
				CLANG_CXX_LIBRARY = "libc++";
				CLANG_ENABLE_MODULES = YES;
				CLANG_ENABLE_OBJC_ARC = YES;
				CLANG_WARN_BOOL_CONVERSION = YES;
				CLANG_WARN_CONSTANT_CONVERSION = YES;
				CLANG_WARN_DIRECT_OBJC_ISA_USAGE = YES_ERROR;
				CLANG_WARN_EMPTY_BODY = YES;
				CLANG_WARN_ENUM_CONVERSION = YES;
				CLANG_WARN_INT_CONVERSION = YES;
				CLANG_WARN_OBJC_ROOT_CLASS = YES_ERROR;
				CLANG_WARN__DUPLICATE_METHOD_MATCH = YES;
				"CODE_SIGN_IDENTITY[sdk=iphoneos*]" = "iPhone Developer";
				COPY_PHASE_STRIP = YES;
				ENABLE_NS_ASSERTIONS = NO;
				GCC_C_LANGUAGE_STANDARD = gnu99;
				GCC_WARN_64_TO_32_BIT_CONVERSION = YES;
				GCC_WARN_ABOUT_RETURN_TYPE = YES_ERROR;
				GCC_WARN_UNDECLARED_SELECTOR = YES;
				GCC_WARN_UNINITIALIZED_AUTOS = YES;
				GCC_WARN_UNUSED_FUNCTION = YES;
				GCC_WARN_UNUSED_VARIABLE = YES;
				IPHONEOS_DEPLOYMENT_TARGET = 7.0;
				SDKROOT = iphoneos;
				TARGETED_DEVICE_FAMILY = "1,2";
				VALIDATE_PRODUCT = YES;
			};
			name = Release;
		};
		1C5A7B2818A1460200E338B4 /* Debug */ = {
			isa = XCBuildConfiguration;
			buildSettings = {
				ASSETCATALOG_COMPILER_APPICON_NAME = AppIcon;
				ASSETCATALOG_COMPILER_LAUNCHIMAGE_NAME = LaunchImage;
				CODE_SIGN_IDENTITY = "iPhone Developer";
				"CODE_SIGN_IDENTITY[sdk=iphoneos*]" = "iPhone Developer";
				FRAMEWORK_SEARCH_PATHS = (
					"$(inherited)",
					"/Users/birahh/Documents/like-what",
				);
				GCC_PRECOMPILE_PREFIX_HEADER = YES;
				GCC_PREFIX_HEADER = "Recorder2/Recorder2-Prefix.pch";
				INFOPLIST_FILE = "Recorder2/Recorder2-Info.plist";
				PRODUCT_NAME = "$(TARGET_NAME)";
				PROVISIONING_PROFILE = "";
				WRAPPER_EXTENSION = app;
			};
			name = Debug;
		};
		1C5A7B2918A1460200E338B4 /* Release */ = {
			isa = XCBuildConfiguration;
			buildSettings = {
				ASSETCATALOG_COMPILER_APPICON_NAME = AppIcon;
				ASSETCATALOG_COMPILER_LAUNCHIMAGE_NAME = LaunchImage;
				CODE_SIGN_IDENTITY = "iPhone Developer";
				"CODE_SIGN_IDENTITY[sdk=iphoneos*]" = "iPhone Developer";
				FRAMEWORK_SEARCH_PATHS = (
					"$(inherited)",
					"/Users/birahh/Documents/like-what",
				);
				GCC_PRECOMPILE_PREFIX_HEADER = YES;
				GCC_PREFIX_HEADER = "Recorder2/Recorder2-Prefix.pch";
				INFOPLIST_FILE = "Recorder2/Recorder2-Info.plist";
				PRODUCT_NAME = "$(TARGET_NAME)";
				PROVISIONING_PROFILE = "";
				WRAPPER_EXTENSION = app;
			};
			name = Release;
		};
		1C5A7B2B18A1460200E338B4 /* Debug */ = {
			isa = XCBuildConfiguration;
			buildSettings = {
				ARCHS = "$(ARCHS_STANDARD_INCLUDING_64_BIT)";
				BUNDLE_LOADER = "$(BUILT_PRODUCTS_DIR)/Recorder2.app/Recorder2";
				FRAMEWORK_SEARCH_PATHS = (
					"$(SDKROOT)/Developer/Library/Frameworks",
					"$(inherited)",
					"$(DEVELOPER_FRAMEWORKS_DIR)",
				);
				GCC_PRECOMPILE_PREFIX_HEADER = YES;
				GCC_PREFIX_HEADER = "Recorder2/Recorder2-Prefix.pch";
				GCC_PREPROCESSOR_DEFINITIONS = (
					"DEBUG=1",
					"$(inherited)",
				);
				INFOPLIST_FILE = "Recorder2Tests/Recorder2Tests-Info.plist";
				PRODUCT_NAME = "$(TARGET_NAME)";
				TEST_HOST = "$(BUNDLE_LOADER)";
				WRAPPER_EXTENSION = xctest;
			};
			name = Debug;
		};
		1C5A7B2C18A1460200E338B4 /* Release */ = {
			isa = XCBuildConfiguration;
			buildSettings = {
				ARCHS = "$(ARCHS_STANDARD_INCLUDING_64_BIT)";
				BUNDLE_LOADER = "$(BUILT_PRODUCTS_DIR)/Recorder2.app/Recorder2";
				FRAMEWORK_SEARCH_PATHS = (
					"$(SDKROOT)/Developer/Library/Frameworks",
					"$(inherited)",
					"$(DEVELOPER_FRAMEWORKS_DIR)",
				);
				GCC_PRECOMPILE_PREFIX_HEADER = YES;
				GCC_PREFIX_HEADER = "Recorder2/Recorder2-Prefix.pch";
				INFOPLIST_FILE = "Recorder2Tests/Recorder2Tests-Info.plist";
				PRODUCT_NAME = "$(TARGET_NAME)";
				TEST_HOST = "$(BUNDLE_LOADER)";
				WRAPPER_EXTENSION = xctest;
			};
			name = Release;
		};
/* End XCBuildConfiguration section */

/* Begin XCConfigurationList section */
		1C5A7AED18A1460100E338B4 /* Build configuration list for PBXProject "Recorder2" */ = {
			isa = XCConfigurationList;
			buildConfigurations = (
				1C5A7B2518A1460200E338B4 /* Debug */,
				1C5A7B2618A1460200E338B4 /* Release */,
			);
			defaultConfigurationIsVisible = 0;
			defaultConfigurationName = Release;
		};
		1C5A7B2718A1460200E338B4 /* Build configuration list for PBXNativeTarget "Recorder2" */ = {
			isa = XCConfigurationList;
			buildConfigurations = (
				1C5A7B2818A1460200E338B4 /* Debug */,
				1C5A7B2918A1460200E338B4 /* Release */,
			);
			defaultConfigurationIsVisible = 0;
			defaultConfigurationName = Release;
		};
		1C5A7B2A18A1460200E338B4 /* Build configuration list for PBXNativeTarget "Recorder2Tests" */ = {
			isa = XCConfigurationList;
			buildConfigurations = (
				1C5A7B2B18A1460200E338B4 /* Debug */,
				1C5A7B2C18A1460200E338B4 /* Release */,
			);
			defaultConfigurationIsVisible = 0;
			defaultConfigurationName = Release;
		};
/* End XCConfigurationList section */
	};
	rootObject = 1C5A7AEA18A1460100E338B4 /* Project object */;
}
